Microsoft Visual Studio Solution File, Format Version 12.00
# Visual Studio Version 17
VisualStudioVersion = 17.5.2.0
MinimumVisualStudioVersion = 10.0.40219.1
Project("{FAE04EC0-301F-11D3-BF4B-00C04F79EFBC}") = "AoC2025", "AoC2025\AoC2025.csproj", "{BE54ACC6-7FE7-B1D5-30E7-8F506AA52625}"
EndProject
Global
	GlobalSection(SolutionConfigurationPlatforms) = preSolution
		Debug|Any CPU = Debug|Any CPU
		Release|Any CPU = Release|Any CPU
	EndGlobalSection
	GlobalSection(ProjectConfigurationPlatforms) = postSolution
		{BE54ACC6-7FE7-B1D5-30E7-8F506AA52625}.Debug|Any CPU.ActiveCfg = Debug|Any CPU
		{BE54ACC6-7FE7-B1D5-30E7-8F506AA52625}.Debug|Any CPU.Build.0 = Debug|Any CPU
		{BE54ACC6-7FE7-B1D5-30E7-8F506AA52625}.Release|Any CPU.ActiveCfg = Release|Any CPU
		{BE54ACC6-7FE7-B1D5-30E7-8F506AA52625}.Release|Any CPU.Build.0 = Release|Any CPU
	EndGlobalSection
	GlobalSection(SolutionProperties) = preSolution
		HideSolutionNode = FALSE
	EndGlobalSection
	GlobalSection(ExtensibilityGlobals) = postSolution
		SolutionGuid = {ECFCE105-08D1-4B19-AC46-A2E879AACE89}
	EndGlobalSection
EndGlobal
